{
    "_meta": {
        "hash": {
            "sha256": "081464d99b9bda306b1f7e628faeb13078d2efe01f2ea1830afa3a4943c8ef65"
        },
        "pipfile-spec": 6,
        "requires": {
            "python_version": "3.6"
        },
        "sources": [
            {
                "name": "pypi",
                "url": "https://pypi.org/simple",
                "verify_ssl": true
            }
        ]
    },
    "default": {
        "beautifulsoup4": {
            "hashes": [
                "sha256:4c98143716ef1cb40bf7f39a8e3eec8f8b009509e74904ba3a7b315431577e35",
                "sha256:84729e322ad1d5b4d25f805bfa05b902dd96450f43842c4e99067d5e1369eb25",
                "sha256:fff47e031e34ec82bf17e00da8f592fe7de69aeea38be00523c04623c04fb666"
            ],
            "version": "==4.9.3"
        },
        "certifi": {
            "hashes": [
                "sha256:1a4995114262bffbc2413b159f2a1a480c969de6e6eb13ee966d470af86af59c",
                "sha256:719a74fb9e33b9bd44cc7f3a8d94bc35e4049deebe19ba7d8e108280cfd59830"
            ],
            "version": "==2020.12.5"
        },
        "cffi": {
            "hashes": [
                "sha256:005a36f41773e148deac64b08f233873a4d0c18b053d37da83f6af4d9087b813",
                "sha256:0857f0ae312d855239a55c81ef453ee8fd24136eaba8e87a2eceba644c0d4c06",
                "sha256:1071534bbbf8cbb31b498d5d9db0f274f2f7a865adca4ae429e147ba40f73dea",
                "sha256:158d0d15119b4b7ff6b926536763dc0714313aa59e320ddf787502c70c4d4bee",
                "sha256:1f436816fc868b098b0d63b8920de7d208c90a67212546d02f84fe78a9c26396",
                "sha256:2894f2df484ff56d717bead0a5c2abb6b9d2bf26d6960c4604d5c48bbc30ee73",
                "sha256:29314480e958fd8aab22e4a58b355b629c59bf5f2ac2492b61e3dc06d8c7a315",
                "sha256:34eff4b97f3d982fb93e2831e6750127d1355a923ebaeeb565407b3d2f8d41a1",
                "sha256:35f27e6eb43380fa080dccf676dece30bef72e4a67617ffda586641cd4508d49",
                "sha256:3d3dd4c9e559eb172ecf00a2a7517e97d1e96de2a5e610bd9b68cea3925b4892",
                "sha256:43e0b9d9e2c9e5d152946b9c5fe062c151614b262fda2e7b201204de0b99e482",
                "sha256:48e1c69bbacfc3d932221851b39d49e81567a4d4aac3b21258d9c24578280058",
                "sha256:51182f8927c5af975fece87b1b369f722c570fe169f9880764b1ee3bca8347b5",
                "sha256:58e3f59d583d413809d60779492342801d6e82fefb89c86a38e040c16883be53",
                "sha256:5de7970188bb46b7bf9858eb6890aad302577a5f6f75091fd7cdd3ef13ef3045",
                "sha256:65fa59693c62cf06e45ddbb822165394a288edce9e276647f0046e1ec26920f3",
                "sha256:69e395c24fc60aad6bb4fa7e583698ea6cc684648e1ffb7fe85e3c1ca131a7d5",
                "sha256:6c97d7350133666fbb5cf4abdc1178c812cb205dc6f41d174a7b0f18fb93337e",
                "sha256:6e4714cc64f474e4d6e37cfff31a814b509a35cb17de4fb1999907575684479c",
                "sha256:72d8d3ef52c208ee1c7b2e341f7d71c6fd3157138abf1a95166e6165dd5d4369",
                "sha256:8ae6299f6c68de06f136f1f9e69458eae58f1dacf10af5c17353eae03aa0d827",
                "sha256:8b198cec6c72df5289c05b05b8b0969819783f9418e0409865dac47288d2a053",
                "sha256:99cd03ae7988a93dd00bcd9d0b75e1f6c426063d6f03d2f90b89e29b25b82dfa",
                "sha256:9cf8022fb8d07a97c178b02327b284521c7708d7c71a9c9c355c178ac4bbd3d4",
                "sha256:9de2e279153a443c656f2defd67769e6d1e4163952b3c622dcea5b08a6405322",
                "sha256:9e93e79c2551ff263400e1e4be085a1210e12073a31c2011dbbda14bda0c6132",
                "sha256:9ff227395193126d82e60319a673a037d5de84633f11279e336f9c0f189ecc62",
                "sha256:a465da611f6fa124963b91bf432d960a555563efe4ed1cc403ba5077b15370aa",
                "sha256:ad17025d226ee5beec591b52800c11680fca3df50b8b29fe51d882576e039ee0",
                "sha256:afb29c1ba2e5a3736f1c301d9d0abe3ec8b86957d04ddfa9d7a6a42b9367e396",
                "sha256:b85eb46a81787c50650f2392b9b4ef23e1f126313b9e0e9013b35c15e4288e2e",
                "sha256:bb89f306e5da99f4d922728ddcd6f7fcebb3241fc40edebcb7284d7514741991",
                "sha256:cbde590d4faaa07c72bf979734738f328d239913ba3e043b1e98fe9a39f8b2b6",
                "sha256:cd2868886d547469123fadc46eac7ea5253ea7fcb139f12e1dfc2bbd406427d1",
                "sha256:d42b11d692e11b6634f7613ad8df5d6d5f8875f5d48939520d351007b3c13406",
                "sha256:f2d45f97ab6bb54753eab54fffe75aaf3de4ff2341c9daee1987ee1837636f1d",
                "sha256:fd78e5fee591709f32ef6edb9a015b4aa1a5022598e36227500c8f4e02328d9c"
            ],
            "version": "==1.14.5"
        },
        "chardet": {
            "hashes": [
                "sha256:0d6f53a15db4120f2b08c94f11e7d93d2c911ee118b6b30a04ec3ee8310179fa",
                "sha256:f864054d66fd9118f2e67044ac8981a54775ec5b67aed0441892edb553d21da5"
            ],
            "version": "==4.0.0"
        },
        "cryptography": {
            "hashes": [
                "sha256:0f1212a66329c80d68aeeb39b8a16d54ef57071bf22ff4e521657b27372e327d",
                "sha256:1e056c28420c072c5e3cb36e2b23ee55e260cb04eee08f702e0edfec3fb51959",
                "sha256:240f5c21aef0b73f40bb9f78d2caff73186700bf1bc6b94285699aff98cc16c6",
                "sha256:26965837447f9c82f1855e0bc8bc4fb910240b6e0d16a664bb722df3b5b06873",
                "sha256:37340614f8a5d2fb9aeea67fd159bfe4f5f4ed535b1090ce8ec428b2f15a11f2",
                "sha256:3d10de8116d25649631977cb37da6cbdd2d6fa0e0281d014a5b7d337255ca713",
                "sha256:3d8427734c781ea5f1b41d6589c293089704d4759e34597dce91014ac125aad1",
                "sha256:7ec5d3b029f5fa2b179325908b9cd93db28ab7b85bb6c1db56b10e0b54235177",
                "sha256:8e56e16617872b0957d1c9742a3f94b43533447fd78321514abbe7db216aa250",
                "sha256:de4e5f7f68220d92b7637fc99847475b59154b7a1b3868fb7385337af54ac9ca",
                "sha256:eb8cc2afe8b05acbd84a43905832ec78e7b3873fb124ca190f574dca7389a87d",
                "sha256:ee77aa129f481be46f8d92a1a7db57269a2f23052d5f2433b4621bb457081cc9"
            ],
            "version": "==3.4.7"
        },
        "defusedxml": {
            "hashes": [
                "sha256:1bb3032db185915b62d7c6209c5a8792be6a32ab2fedacc84e01b52c51aa3e69",
                "sha256:a352e7e428770286cc899e2542b6cdaedb2b4953ff269a210103ec58f6198a61"
            ],
            "version": "==0.7.1"
        },
        "django": {
            "hashes": [
                "sha256:04f2e423f2e60943c02bd2959174b844f7d1bcd19eabb7f8e4282999958021fd",
                "sha256:e1cc1cd6b658aa4e052f5f2b148bfda08091d7c3558529708342e37e4e33f72c"
            ],
            "index": "pypi",
            "version": "==2.1.1"
        },
        "django-debug-toolbar": {
            "hashes": [
                "sha256:10f5ef59c97fad34b803b02e5850b6422082e2e44544c2ec03feb4eeee0f9158",
                "sha256:2d240517dac3b02b7d78c9109ee88546f99171a2ec2a3efa70450771cb55735e"
            ],
            "index": "pypi",
            "version": "==1.11.1"
        },
        "django-htmlmin": {
            "hashes": [
                "sha256:0278aeb581cfc5d6a25fe6d3b3a19e4fabe7615d7bd1fcef77ce44931dc25b7c",
                "sha256:d01d525a266dc04d439fb7dc4a3701f70fd4601cf7ba8977047b4f4e9cf70aa3"
            ],
            "index": "pypi",
            "version": "==0.10.0"
        },
        "django-modeltranslation": {
            "hashes": [
                "sha256:254ebda6caea5683407e1fb3e45ceaa2275778c6dc2db2b9d4fec3df373c2cdd"
            ],
            "index": "pypi",
            "version": "==0.13b1"
        },
        "html5lib": {
            "hashes": [
                "sha256:0d78f8fde1c230e99fe37986a60526d7049ed4bf8a9fadbad5f00e22e58e041d",
                "sha256:b2e5b40261e20f354d198eae92afc10d750afb487ed5e50f9c4eaf07c184146f"
            ],
            "version": "==1.1"
        },
        "idna": {
            "hashes": [
                "sha256:b307872f855b18632ce0c21c5e45be78c0ea7ae4c15c828c20788b26921eb3f6",
                "sha256:b97d804b1e9b523befed77c48dacec60e6dcb0b5391d57af6a65a312a90648c0"
            ],
            "version": "==2.10"
        },
        "jinja2": {
            "hashes": [
                "sha256:74c935a1b8bb9a3947c50a54766a969d4846290e1e788ea44c1392163723c3bd",
                "sha256:f84be1bb0040caca4cea721fcbbbbd61f9be9464ca236387158b0feea01914a4"
            ],
            "index": "pypi",
            "version": "==2.10"
        },
        "markupsafe": {
            "hashes": [
                "sha256:023be69df51b68f9f1ed42b5959303dad3c153cd958ebb0e34c18251fb967837",
                "sha256:074bbd79cfeba59d5a426e09a7d7a36247b2ba429aaa762d547b101ff1818b74",
                "sha256:07f31078aaa975a1a962a775059cf0dfe6dd2fcafff4c4b5f9df76268ae566e9",
                "sha256:0e371c83c31cee6a659499172f53fe5722c80316bb198eaa492668460fc22378",
                "sha256:152e680f380562ad34277f5d3f066b62eb25d2dda47afc14f76ee49f3cd467e7",
                "sha256:15992536bd3e91defff17579d388475cc60fc3aeff883ac14edbdd079817e0b7",
                "sha256:167a017abf294fc17b3b5098b77667246030ad68d02a59f1fc9b48f65ff836aa",
                "sha256:24fa977011c8d17dae93641376090fc7434babf95128f862bb61fad545afc580",
                "sha256:27051dce1be59d0d1e09bb58e9bdda10f1e546a97c119cf3b88b82a24b48081c",
                "sha256:36afcf88a772054038be74cbfa872074e9c1ac3481e66b8da4967e81150e139e",
                "sha256:41d3b3776bc820c8fcc585df6b49c2a3e245c64a46ad7aa1b21ce08179d9167b",
                "sha256:4d95e90df3e2bc76fa71d524a861083bbac1f1bcaf429c991292518343232e5b",
                "sha256:50ccc0b107e7b95d5a2c55cd9f34d7b4696d3092d4bd231cef56131059653554",
                "sha256:55eb46368cc8a62ff7a15e84cea243403fc514b3d7d13168d55e99eb8a772129",
                "sha256:5c949af1abb37dc23c1ebcee2783a26f0f91b42a4dd6184291e5502c409ac743",
                "sha256:666f687682398f4c26e6b41be8233d3ea86fa9fbad56d98a4cf32110d7675773",
                "sha256:680c521ee5214bf28aa20f90107d2c5d0849b24042e44c17d94d52727af23dcd",
                "sha256:686f3c2e7b2a8e36b2003c952c498bbf24753a35b72e7eccb2d62897f4f59b8e",
                "sha256:6c3b64b774d8c8705a04e28c1c7e2c60705e2b72bfa388d8c863ad0dfce5cbd6",
                "sha256:70bee0400f78ce7e6aa6d2526be515afe7ac1693d9db1f6782ddc3420a4d961c",
                "sha256:746a22773b02c79ea570cf97f92aad7e58938bcd2670de499e349d8430f989ef",
                "sha256:93019a67f12e4e5cf5d4570465fe6ce9a8951be4173e1287e838dff3332a315e",
                "sha256:a7718a137e319e6a61bb4598ec12f7da18553d5d28ae6e21165dfc0d0d90a1b4",
                "sha256:aba3cf1d4d2e8664bace4e4df478e08d4bc2d36d7b59444e10bb7934e2708d87",
                "sha256:ad9dfe60753afa2932ed5adba73a1ff401e3de4106f88b4c31262ebab62b7708",
                "sha256:b24e488972dfadcb0f845f5536c79addc15eb6576548537a38075018e26477f0",
                "sha256:e1ea9b34bec7dbf653edd3361170108cb717b4f49be729e2367f5151d1e938ee",
                "sha256:e3ff50bf999c0f45552761bf4a9138dc0464d887de8f2afeb9d95f7bb03a1ec0",
                "sha256:e792bf8b47441bcf506a09bbffea178398e3dec6c58865e8dd01cc4dcd07685d",
                "sha256:f24aa8c69bd9d61316de172ad19cc6d069da510821585d777960f90b2ed5501c",
                "sha256:f3a67f5ba9452a3287d35e4f174ddfca72a1bb48da09d2e1d35598922c4c1e41",
                "sha256:f6dee1e460629691452bf37419825bba4002fdb4883701c7cd72e5aa42724aa9",
                "sha256:f99fd93e52de0cbe675eda692c238dfde5d09c73c38e497a5a0f9a706f394264",
                "sha256:fd76ae35e33a1af04a63de5ff5fea872b9b01cff079cf895cec3697ded2c433e"
            ],
            "version": "==2.0.0rc2"
        },
        "oauthlib": {
            "hashes": [
                "sha256:bee41cc35fcca6e988463cacc3bcb8a96224f470ca547e697b604cc697b2f889",
                "sha256:df884cd6cbe20e32633f1db1072e9356f53638e4361bef4e8b03c9127c9328ea"
            ],
            "version": "==3.1.0"
        },
        "psycopg2-binary": {
            "hashes": [
                "sha256:04afb59bbbd2eab3148e6816beddc74348078b8c02a1113ea7f7822f5be4afe3",
                "sha256:098b18f4d8857a8f9b206d1dc54db56c2255d5d26458917e7bcad61ebfe4338f",
                "sha256:0bf855d4a7083e20ead961fda4923887094eaeace0ab2d76eb4aa300f4bbf5bd",
                "sha256:197dda3ffd02057820be83fe4d84529ea70bf39a9a4daee1d20ffc74eb3d042e",
                "sha256:278ef63afb4b3d842b4609f2c05ffbfb76795cf6a184deeb8707cd5ed3c981a5",
                "sha256:3cbf8c4fc8f22f0817220891cf405831559f4d4c12c4f73913730a2ea6c47a47",
                "sha256:4305aed922c4d9d6163ab3a41d80b5a1cfab54917467da8168552c42cad84d32",
                "sha256:47ee296f704fb8b2a616dec691cdcfd5fa0f11943955e88faa98cbd1dc3b3e3d",
                "sha256:4a0e38cb30457e70580903367161173d4a7d1381eb2f2cfe4e69b7806623f484",
                "sha256:4d6c294c6638a71cafb82a37f182f24321f1163b08b5d5ca076e11fe838a3086",
                "sha256:4f3233c366500730f839f92833194fd8f9a5c4529c8cd8040aa162c3740de8e5",
                "sha256:5221f5a3f4ca2ddf0d58e8b8a32ca50948be9a43351fda797eb4e72d7a7aa34d",
                "sha256:5c6ca0b507540a11eaf9e77dee4f07c131c2ec80ca0cffa146671bf690bc1c02",
                "sha256:789bd89d71d704db2b3d5e67d6d518b158985d791d3b2dec5ab85457cfc9677b",
                "sha256:7b94d29239efeaa6a967f3b5971bd0518d2a24edd1511edbf4a2c8b815220d07",
                "sha256:89bc65ef3301c74cf32db25334421ea6adbe8f65601ea45dcaaf095abed910bb",
                "sha256:89d6d3a549f405c20c9ae4dc94d7ed2de2fa77427a470674490a622070732e62",
                "sha256:97521704ac7127d7d8ba22877da3c7bf4a40366587d238ec679ff38e33177498",
                "sha256:a395b62d5f44ff6f633231abe568e2203b8fabf9797cd6386aa92497df912d9a",
                "sha256:a6d32c37f714c3f34158f3fa659f3a8f2658d5f53c4297d45579b9677cc4d852",
                "sha256:a89ee5c26f72f2d0d74b991ce49e42ddeb4ac0dc2d8c06a0f2770a1ab48f4fe0",
                "sha256:b4c8b0ef3608e59317bfc501df84a61e48b5445d45f24d0391a24802de5f2d84",
                "sha256:b5fcf07140219a1f71e18486b8dc28e2e1b76a441c19374805c617aa6d9a9d55",
                "sha256:b86f527f00956ecebad6ab3bb30e3a75fedf1160a8716978dd8ce7adddedd86f",
                "sha256:be4c4aa22ba22f70de36c98b06480e2f1697972d49eb20d525f400d204a6d272",
                "sha256:c2ac7aa1a144d4e0e613ac7286dae85671e99fe7a1353954d4905629c36b811c",
                "sha256:de26ef4787b5e778e8223913a3e50368b44e7480f83c76df1f51d23bd21cea16",
                "sha256:e70ebcfc5372dc7b699c0110454fc4263967f30c55454397e5769eb72c0eb0ce",
                "sha256:eadbd32b6bc48b67b0457fccc94c86f7ccc8178ab839f684eb285bb592dc143e",
                "sha256:ecbc6dfff6db06b8b72ae8a2f25ff20fbdcb83cb543811a08f7cb555042aa729"
            ],
            "index": "pypi",
            "version": "==2.7.5"
        },
        "pycparser": {
            "hashes": [
                "sha256:2d475327684562c3a96cc71adf7dc8c4f0565175cf86b6d7a404ff4c771f15f0",
                "sha256:7582ad22678f0fcd81102833f60ef8d0e57288b6b5fb00323d101be910e35705"
            ],
            "version": "==2.20"
        },
        "pyjwt": {
            "hashes": [
                "sha256:a5c70a06e1f33d81ef25eecd50d50bd30e34de1ca8b2b9fa3fe0daaabcf69bf7",
                "sha256:b70b15f89dc69b993d8a8d32c299032d5355c82f9b5b7e851d1a6d706dffe847"
            ],
            "version": "==2.0.1"
        },
        "python3-openid": {
            "hashes": [
                "sha256:33fbf6928f401e0b790151ed2b5290b02545e8775f982485205a066f874aaeaf",
                "sha256:6626f771e0417486701e0b4daff762e7212e820ca5b29fcc0d05f6f8736dfa6b"
            ],
            "version": "==3.2.0"
        },
        "pytz": {
            "hashes": [
                "sha256:83a4a90894bf38e243cf052c8b58f381bfe9a7a483f6a9cab140bc7f702ac4da",
                "sha256:eb10ce3e7736052ed3623d49975ce333bcd712c7bb19a58b9e2089d4057d0798"
            ],
            "version": "==2021.1"
        },
        "raven": {
            "hashes": [
                "sha256:3fd787d19ebb49919268f06f19310e8112d619ef364f7989246fc8753d469888",
                "sha256:95f44f3ea2c1b176d5450df4becdb96c15bf2632888f9ab193e9dd22300ce46a"
            ],
            "index": "pypi",
            "version": "==6.9.0"
        },
        "requests": {
            "hashes": [
                "sha256:27973dd4a904a4f13b263a19c866c13b92a39ed1c964655f025f3f8d3d75b804",
                "sha256:c210084e36a42ae6b9219e00e48287def368a26d03a048ddad7bfee44f75871e"
            ],
            "version": "==2.25.1"
        },
        "requests-oauthlib": {
            "hashes": [
                "sha256:7f71572defaecd16372f9006f33c2ec8c077c3cfa6f5911a9a90202beb513f3d",
                "sha256:b4261601a71fd721a8bd6d7aa1cc1d6a8a93b4a9f5e96626f8e4d91e8beeaa6a"
            ],
            "version": "==1.3.0"
        },
        "six": {
            "hashes": [
                "sha256:30639c035cdb23534cd4aa2dd52c3bf48f06e5f4a941509c8bafd8ce11080259",
                "sha256:8b74bedcbbbaca38ff6d7491d76f2b06b3592611af620f8426e82dddb04a5ced"
            ],
            "version": "==1.15.0"
        },
        "social-auth-app-django": {
            "hashes": [
                "sha256:25295c94375d28062f65d0b3cd4b7e304c7e2fb7bac1ec51b40650a654c352f4",
                "sha256:4e34d86709bfa51fd2938307e00f12f4e1dfef8a8ed6bfbfe9aeb4e69d57148f",
                "sha256:b7c28bef8fbd11ff357ddd885cb219cdb55565e01109c709dd28569e0bfb0dea"
            ],
            "index": "pypi",
            "version": "==2.1.0"
        },
        "social-auth-core": {
            "hashes": [
                "sha256:5ab43b3b15dce5f059db69cc3082c216574739f0edbc98629c8c6e8769c67eb4",
                "sha256:983b53167ac56e7ba4909db555602a6e7a98c97ca47183bb222eb85ba627bf2b"
            ],
            "version": "==4.1.0"
        },
        "soupsieve": {
            "hashes": [
                "sha256:052774848f448cf19c7e959adf5566904d525f33a3f8b6ba6f6f8f26ec7de0cc",
                "sha256:c2c1c2d44f158cdbddab7824a9af8c4f83c76b1e23e049479aa432feb6c4c23b"
            ],
            "markers": "python_version >= '3.0'",
            "version": "==2.2.1"
        },
        "sqlparse": {
            "hashes": [
                "sha256:017cde379adbd6a1f15a61873f43e8274179378e95ef3fede90b5aa64d304ed0",
                "sha256:0f91fd2e829c44362cbcfab3e9ae12e22badaa8a29ad5ff599f9ec109f0454e8"
            ],
            "version": "==0.4.1"
        },
        "urllib3": {
            "hashes": [
                "sha256:2f4da4594db7e1e110a944bb1b551fdf4e6c136ad42e4234131391e21eb5b0df",
                "sha256:e7b021f7241115872f92f43c6508082facffbd1c048e3c6e2bb9c2a157e28937"
            ],
            "version": "==1.26.4"
        },
        "webencodings": {
            "hashes": [
                "sha256:a0af1213f3c2226497a97e2b3aa01a7e4bee4f403f95be16fc9acd2947514a78",
                "sha256:b36a1c245f2d304965eb4e0a82848379241dc04b865afcc4aab16748587e1923"
            ],
            "version": "==0.5.1"
        }
    },
    "develop": {
        "astroid": {
            "hashes": [
                "sha256:ad63b8552c70939568966811a088ef0bc880f99a24a00834abd0e3681b514f91",
                "sha256:bea3f32799fbb8581f58431c12591bc20ce11cbc90ad82e2ea5717d94f2080d5"
            ],
            "version": "==2.5.3"
        },
        "isort": {
            "hashes": [
                "sha256:0a943902919f65c5684ac4e0154b1ad4fac6dcaa5d9f3426b732f1c8b5419be6",
                "sha256:2bb1680aad211e3c9944dbce1d4ba09a989f04e238296c87fe2139faa26d655d"
            ],
            "version": "==5.8.0"
        },
        "lazy-object-proxy": {
            "hashes": [
                "sha256:17e0967ba374fc24141738c69736da90e94419338fd4c7c7bef01ee26b339653",
                "sha256:1fee665d2638491f4d6e55bd483e15ef21f6c8c2095f235fef72601021e64f61",
                "sha256:22ddd618cefe54305df49e4c069fa65715be4ad0e78e8d252a33debf00f6ede2",
                "sha256:24a5045889cc2729033b3e604d496c2b6f588c754f7a62027ad4437a7ecc4837",
                "sha256:410283732af311b51b837894fa2f24f2c0039aa7f220135192b38fcc42bd43d3",
                "sha256:4732c765372bd78a2d6b2150a6e99d00a78ec963375f236979c0626b97ed8e43",
                "sha256:489000d368377571c6f982fba6497f2aa13c6d1facc40660963da62f5c379726",
                "sha256:4f60460e9f1eb632584c9685bccea152f4ac2130e299784dbaf9fae9f49891b3",
                "sha256:5743a5ab42ae40caa8421b320ebf3a998f89c85cdc8376d6b2e00bd12bd1b587",
                "sha256:85fb7608121fd5621cc4377a8961d0b32ccf84a7285b4f1d21988b2eae2868e8",
                "sha256:9698110e36e2df951c7c36b6729e96429c9c32b3331989ef19976592c5f3c77a",
                "sha256:9d397bf41caad3f489e10774667310d73cb9c4258e9aed94b9ec734b34b495fd",
                "sha256:b579f8acbf2bdd9ea200b1d5dea36abd93cabf56cf626ab9c744a432e15c815f",
                "sha256:b865b01a2e7f96db0c5d12cfea590f98d8c5ba64ad222300d93ce6ff9138bcad",
                "sha256:bf34e368e8dd976423396555078def5cfc3039ebc6fc06d1ae2c5a65eebbcde4",
                "sha256:c6938967f8528b3668622a9ed3b31d145fab161a32f5891ea7b84f6b790be05b",
                "sha256:d1c2676e3d840852a2de7c7d5d76407c772927addff8d742b9808fe0afccebdf",
                "sha256:d7124f52f3bd259f510651450e18e0fd081ed82f3c08541dffc7b94b883aa981",
                "sha256:d900d949b707778696fdf01036f58c9876a0d8bfe116e8d220cfd4b15f14e741",
                "sha256:ebfd274dcd5133e0afae738e6d9da4323c3eb021b3e13052d8cbd0e457b1256e",
                "sha256:ed361bb83436f117f9917d282a456f9e5009ea12fd6de8742d1a4752c3017e93",
                "sha256:f5144c75445ae3ca2057faac03fda5a902eff196702b0a24daf1d6ce0650514b"
            ],
            "version": "==1.6.0"
        },
        "mccabe": {
            "hashes": [
                "sha256:ab8a6258860da4b6677da4bd2fe5dc2c659cff31b3ee4f7f5d64e79735b80d42",
                "sha256:dd8d182285a0fe56bace7f45b5e7d1a6ebcbf524e8f3bd87eb0f125271b8831f"
            ],
            "version": "==0.6.1"
        },
        "pylint": {
            "hashes": [
                "sha256:1d6d3622c94b4887115fe5204982eee66fdd8a951cf98635ee5caee6ec98c3ec",
                "sha256:31142f764d2a7cd41df5196f9933b12b7ee55e73ef12204b648ad7e556c119fb"
            ],
            "index": "pypi",
            "version": "==2.1.1"
        },
        "pylint-django": {
            "hashes": [
                "sha256:5dc5f85caef2c5f9e61622b9cbd89d94edd3dcf546939b2974d18de4fa90d676",
                "sha256:bf313f10b68ed915a34f0f475cc9ff8c7f574a95302beb48b79c5993f7efd84c"
            ],
            "index": "pypi",
            "version": "==2.0.2"
        },
        "pylint-plugin-utils": {
            "hashes": [
                "sha256:2f30510e1c46edf268d3a195b2849bd98a1b9433229bb2ba63b8d776e1fc4d0a",
                "sha256:57625dcca20140f43731311cd8fd879318bf45a8b0fd17020717a8781714a25a"
            ],
            "version": "==0.6"
        },
        "typed-ast": {
            "hashes": [
                "sha256:01ae5f73431d21eead5015997ab41afa53aa1fbe252f9da060be5dad2c730ace",
                "sha256:067a74454df670dcaa4e59349a2e5c81e567d8d65458d480a5b3dfecec08c5ff",
                "sha256:0fb71b8c643187d7492c1f8352f2c15b4c4af3f6338f21681d3681b3dc31a266",
                "sha256:1b3ead4a96c9101bef08f9f7d1217c096f31667617b58de957f690c92378b528",
                "sha256:2068531575a125b87a41802130fa7e29f26c09a2833fea68d9a40cf33902eba6",
                "sha256:209596a4ec71d990d71d5e0d312ac935d86930e6eecff6ccc7007fe54d703808",
                "sha256:2c726c276d09fc5c414693a2de063f521052d9ea7c240ce553316f70656c84d4",
                "sha256:398e44cd480f4d2b7ee8d98385ca104e35c81525dd98c519acff1b79bdaac363",
                "sha256:52b1eb8c83f178ab787f3a4283f68258525f8d70f778a2f6dd54d3b5e5fb4341",
                "sha256:5feca99c17af94057417d744607b82dd0a664fd5e4ca98061480fd8b14b18d04",
                "sha256:7538e495704e2ccda9b234b82423a4038f324f3a10c43bc088a1636180f11a41",
                "sha256:760ad187b1041a154f0e4d0f6aae3e40fdb51d6de16e5c99aedadd9246450e9e",
                "sha256:777a26c84bea6cd934422ac2e3b78863a37017618b6e5c08f92ef69853e765d3",
                "sha256:95431a26309a21874005845c21118c83991c63ea800dd44843e42a916aec5899",
                "sha256:9ad2c92ec681e02baf81fdfa056fe0d818645efa9af1f1cd5fd6f1bd2bdfd805",
                "sha256:9c6d1a54552b5330bc657b7ef0eae25d00ba7ffe85d9ea8ae6540d2197a3788c",
                "sha256:aee0c1256be6c07bd3e1263ff920c325b59849dc95392a05f258bb9b259cf39c",
                "sha256:af3d4a73793725138d6b334d9d247ce7e5f084d96284ed23f22ee626a7b88e39",
                "sha256:b36b4f3920103a25e1d5d024d155c504080959582b928e91cb608a65c3a49e1a",
                "sha256:b9574c6f03f685070d859e75c7f9eeca02d6933273b5e69572e5ff9d5e3931c3",
                "sha256:bff6ad71c81b3bba8fa35f0f1921fb24ff4476235a6e94a26ada2e54370e6da7",
                "sha256:c190f0899e9f9f8b6b7863debfb739abcb21a5c054f911ca3596d12b8a4c4c7f",
                "sha256:c907f561b1e83e93fad565bac5ba9c22d96a54e7ea0267c708bffe863cbe4075",
                "sha256:cae53c389825d3b46fb37538441f75d6aecc4174f615d048321b716df2757fb0",
                "sha256:dd4a21253f42b8d2b48410cb31fe501d32f8b9fbeb1f55063ad102fe9c425e40",
                "sha256:dde816ca9dac1d9c01dd504ea5967821606f02e510438120091b84e852367428",
                "sha256:f2362f3cb0f3172c42938946dbc5b7843c2a28aec307c49100c8b38764eb6927",
                "sha256:f328adcfebed9f11301eaedfa48e15bdece9b519fb27e6a8c01aa52a17ec31b3",
                "sha256:f8afcf15cc511ada719a88e013cec87c11aff7b91f019295eb4530f96fe5ef2f",
                "sha256:fb1bbeac803adea29cedd70781399c99138358c26d05fcbd23c13016b7f5ec65"
            ],
            "markers": "implementation_name == 'cpython' and python_version < '3.8'",
            "version": "==1.4.3"
        },
        "wrapt": {
            "hashes": [
                "sha256:b62ffa81fb85f4332a4f609cab4ac40709470da05643a082ec1eb88e6d9b97d7"
            ],
            "version": "==1.12.1"
        }
    }
}
